
Microsoft Visual Studio Solution File, Format Version 12.00
# Visual Studio Version 17
VisualStudioVersion = 17.0.31903.59
MinimumVisualStudioVersion = 10.0.40219.1
Project("{FAE04EC0-301F-11D3-BF4B-00C04F79EFBC}") = "StuiPodcast.Core", "StuiPodcast.Core\StuiPodcast.Core.csproj", "{6918301C-79F1-4D34-885C-0DB11FCBB257}"
EndProject
Project("{FAE04EC0-301F-11D3-BF4B-00C04F79EFBC}") = "StuiPodcast.Infra", "StuiPodcast.Infra\StuiPodcast.Infra.csproj", "{01E6C283-53C9-462C-AF46-B6E2CA7C0201}"
EndProject
Project("{FAE04EC0-301F-11D3-BF4B-00C04F79EFBC}") = "StuiPodcast.App", "StuiPodcast.App\StuiPodcast.App.csproj", "{D6AD20E7-9400-42BC-B302-918081A3E639}"
EndProject
Project("{FAE04EC0-301F-11D3-BF4B-00C04F79EFBC}") = "StuiPodcast.App.Tests", "tests\StuiPodcast.App.Tests\StuiPodcast.App.Tests.csproj", "{D940EFBD-2419-4A38-9008-C7796AD3636D}"
EndProject
Project("{FAE04EC0-301F-11D3-BF4B-00C04F79EFBC}") = "StuiPodcast.Infra.Tests", "tests\StuiPodcast.Infra.Tests\StuiPodcast.Infra.Tests.csproj", "{78D30B96-59B8-4FB2-9AB8-8F2797FE4CDC}"
EndProject
Global
	GlobalSection(SolutionConfigurationPlatforms) = preSolution
		Debug|Any CPU = Debug|Any CPU
		Release|Any CPU = Release|Any CPU
	EndGlobalSection
	GlobalSection(SolutionProperties) = preSolution
		HideSolutionNode = FALSE
	EndGlobalSection
	GlobalSection(ProjectConfigurationPlatforms) = postSolution
		{6918301C-79F1-4D34-885C-0DB11FCBB257}.Debug|Any CPU.ActiveCfg = Debug|Any CPU
		{6918301C-79F1-4D34-885C-0DB11FCBB257}.Debug|Any CPU.Build.0 = Debug|Any CPU
		{6918301C-79F1-4D34-885C-0DB11FCBB257}.Release|Any CPU.ActiveCfg = Release|Any CPU
		{6918301C-79F1-4D34-885C-0DB11FCBB257}.Release|Any CPU.Build.0 = Release|Any CPU
		{01E6C283-53C9-462C-AF46-B6E2CA7C0201}.Debug|Any CPU.ActiveCfg = Debug|Any CPU
		{01E6C283-53C9-462C-AF46-B6E2CA7C0201}.Debug|Any CPU.Build.0 = Debug|Any CPU
		{01E6C283-53C9-462C-AF46-B6E2CA7C0201}.Release|Any CPU.ActiveCfg = Release|Any CPU
		{01E6C283-53C9-462C-AF46-B6E2CA7C0201}.Release|Any CPU.Build.0 = Release|Any CPU
		{D6AD20E7-9400-42BC-B302-918081A3E639}.Debug|Any CPU.ActiveCfg = Debug|Any CPU
		{D6AD20E7-9400-42BC-B302-918081A3E639}.Debug|Any CPU.Build.0 = Debug|Any CPU
		{D6AD20E7-9400-42BC-B302-918081A3E639}.Release|Any CPU.ActiveCfg = Release|Any CPU
		{D6AD20E7-9400-42BC-B302-918081A3E639}.Release|Any CPU.Build.0 = Release|Any CPU
	
		{D940EFBD-2419-4A38-9008-C7796AD3636D}.Debug|Any CPU.ActiveCfg = Debug|Any CPU
		{D940EFBD-2419-4A38-9008-C7796AD3636D}.Debug|Any CPU.Build.0 = Debug|Any CPU
		{D940EFBD-2419-4A38-9008-C7796AD3636D}.Release|Any CPU.ActiveCfg = Release|Any CPU
		{D940EFBD-2419-4A38-9008-C7796AD3636D}.Release|Any CPU.Build.0 = Release|Any CPU

		{78D30B96-59B8-4FB2-9AB8-8F2797FE4CDC}.Debug|Any CPU.ActiveCfg = Debug|Any CPU
		{78D30B96-59B8-4FB2-9AB8-8F2797FE4CDC}.Debug|Any CPU.Build.0 = Debug|Any CPU
		{78D30B96-59B8-4FB2-9AB8-8F2797FE4CDC}.Release|Any CPU.ActiveCfg = Release|Any CPU
		{78D30B96-59B8-4FB2-9AB8-8F2797FE4CDC}.Release|Any CPU.Build.0 = Release|Any CPU
EndGlobalSection
EndGlobal
